
Microsoft Visual Studio Solution File, Format Version 12.00
# Visual Studio 2012
Project("{FAE04EC0-301F-11D3-BF4B-00C04F79EFBC}") = "Tic-Tac-Toe", "Tic-Tac-Toe\Tic-Tac-Toe.csproj", "{21338BED-672E-48DC-91E5-7AB4D1049422}"
EndProject
Global
	GlobalSection(SolutionConfigurationPlatforms) = preSolution
		Debug|Any CPU = Debug|Any CPU
		Release|Any CPU = Release|Any CPU
	EndGlobalSection
	GlobalSection(ProjectConfigurationPlatforms) = postSolution
		{21338BED-672E-48DC-91E5-7AB4D1049422}.Debug|Any CPU.ActiveCfg = Debug|Any CPU
		{21338BED-672E-48DC-91E5-7AB4D1049422}.Debug|Any CPU.Build.0 = Debug|Any CPU
		{21338BED-672E-48DC-91E5-7AB4D1049422}.Release|Any CPU.ActiveCfg = Release|Any CPU
		{21338BED-672E-48DC-91E5-7AB4D1049422}.Release|Any CPU.Build.0 = Release|Any CPU
	EndGlobalSection
	GlobalSection(SolutionProperties) = preSolution
		HideSolutionNode = FALSE
	EndGlobalSection
EndGlobal
